
Microsoft Visual Studio Solution File, Format Version 12.00
# Visual Studio Version 17
VisualStudioVersion = 17.9.34607.119
MinimumVisualStudioVersion = 10.0.40219.1
Project("{FAE04EC0-301F-11D3-BF4B-00C04F79EFBC}") = "Simulator", "Simulator\Simulator.csproj", "{B14F3773-8D38-4855-A91F-0BCF9963D705}"
EndProject
Global
	GlobalSection(SolutionConfigurationPlatforms) = preSolution
		Debug|Any CPU = Debug|Any CPU
		Release|Any CPU = Release|Any CPU
	EndGlobalSection
	GlobalSection(ProjectConfigurationPlatforms) = postSolution
		{B14F3773-8D38-4855-A91F-0BCF9963D705}.Debug|Any CPU.ActiveCfg = Debug|Any CPU
		{B14F3773-8D38-4855-A91F-0BCF9963D705}.Debug|Any CPU.Build.0 = Debug|Any CPU
		{B14F3773-8D38-4855-A91F-0BCF9963D705}.Release|Any CPU.ActiveCfg = Release|Any CPU
		{B14F3773-8D38-4855-A91F-0BCF9963D705}.Release|Any CPU.Build.0 = Release|Any CPU
	EndGlobalSection
	GlobalSection(SolutionProperties) = preSolution
		HideSolutionNode = FALSE
	EndGlobalSection
	GlobalSection(ExtensibilityGlobals) = postSolution
		SolutionGuid = {27B46210-B9DF-4BB7-90BD-F3CBA30ECF49}
	EndGlobalSection
EndGlobal
